
Microsoft Visual Studio Solution File, Format Version 12.00
# Visual Studio Version 16
VisualStudioVersion = 16.0.29920.165
MinimumVisualStudioVersion = 10.0.40219.1
Project("{FAE04EC0-301F-11D3-BF4B-00C04F79EFBC}") = "WindowsFormsApp2", "WindowsFormsApp2\WindowsFormsApp2.csproj", "{C00D6212-2B00-4487-9256-CDB03684F3AD}"
EndProject
Global
	GlobalSection(SolutionConfigurationPlatforms) = preSolution
		Debug|Any CPU = Debug|Any CPU
		Release|Any CPU = Release|Any CPU
	EndGlobalSection
	GlobalSection(ProjectConfigurationPlatforms) = postSolution
		{C00D6212-2B00-4487-9256-CDB03684F3AD}.Debug|Any CPU.ActiveCfg = Debug|Any CPU
		{C00D6212-2B00-4487-9256-CDB03684F3AD}.Debug|Any CPU.Build.0 = Debug|Any CPU
		{C00D6212-2B00-4487-9256-CDB03684F3AD}.Release|Any CPU.ActiveCfg = Release|Any CPU
		{C00D6212-2B00-4487-9256-CDB03684F3AD}.Release|Any CPU.Build.0 = Release|Any CPU
	EndGlobalSection
	GlobalSection(SolutionProperties) = preSolution
		HideSolutionNode = FALSE
	EndGlobalSection
	GlobalSection(ExtensibilityGlobals) = postSolution
		SolutionGuid = {D9785F28-6ED1-482C-BB2C-3B90FB1BDC2C}
	EndGlobalSection
EndGlobal
